
Microsoft Visual Studio Solution File, Format Version 12.00
# Visual Studio 15
VisualStudioVersion = 15.0.27428.2015
MinimumVisualStudioVersion = 10.0.40219.1
Project("{FAE04EC0-301F-11D3-BF4B-00C04F79EFBC}") = "Dotary3d", "Dotary3d\Dotary3d.csproj", "{773A4CFC-FCB6-4D43-B237-4F39962081CB}"
EndProject
Global
	GlobalSection(SolutionConfigurationPlatforms) = preSolution
		Debug|Any CPU = Debug|Any CPU
		Release|Any CPU = Release|Any CPU
	EndGlobalSection
	GlobalSection(ProjectConfigurationPlatforms) = postSolution
		{773A4CFC-FCB6-4D43-B237-4F39962081CB}.Debug|Any CPU.ActiveCfg = Debug|Any CPU
		{773A4CFC-FCB6-4D43-B237-4F39962081CB}.Debug|Any CPU.Build.0 = Debug|Any CPU
		{773A4CFC-FCB6-4D43-B237-4F39962081CB}.Release|Any CPU.ActiveCfg = Release|Any CPU
		{773A4CFC-FCB6-4D43-B237-4F39962081CB}.Release|Any CPU.Build.0 = Release|Any CPU
	EndGlobalSection
	GlobalSection(SolutionProperties) = preSolution
		HideSolutionNode = FALSE
	EndGlobalSection
	GlobalSection(ExtensibilityGlobals) = postSolution
		SolutionGuid = {6B2884C3-ADEB-46BA-8D0C-799296DCFC33}
	EndGlobalSection
EndGlobal
